// !$*UTF8*$!
{
	archiveVersion = 1;
	classes = {
	};
	objectVersion = 46;
	objects = {

/* Begin PBXBuildFile section */
		24AA99D61EAC5BCD00007767 /* main.m in Sources */ = {isa = PBXBuildFile; fileRef = 24AA99D51EAC5BCD00007767 /* main.m */; };
		24AA99D91EAC5BCD00007767 /* AppDelegate.m in Sources */ = {isa = PBXBuildFile; fileRef = 24AA99D81EAC5BCD00007767 /* AppDelegate.m */; };
		24AA99DC1EAC5BCD00007767 /* ViewController.m in Sources */ = {isa = PBXBuildFile; fileRef = 24AA99DB1EAC5BCD00007767 /* ViewController.m */; };
		24AA99DF1EAC5BCD00007767 /* Main.storyboard in Resources */ = {isa = PBXBuildFile; fileRef = 24AA99DD1EAC5BCD00007767 /* Main.storyboard */; };
		24AA99E21EAC5BCD00007767 /* __.xcdatamodeld in Sources */ = {isa = PBXBuildFile; fileRef = 24AA99E01EAC5BCD00007767 /* __.xcdatamodeld */; };
		24AA99E41EAC5BCD00007767 /* Assets.xcassets in Resources */ = {isa = PBXBuildFile; fileRef = 24AA99E31EAC5BCD00007767 /* Assets.xcassets */; };
		24AA99E71EAC5BCD00007767 /* LaunchScreen.storyboard in Resources */ = {isa = PBXBuildFile; fileRef = 24AA99E51EAC5BCD00007767 /* LaunchScreen.storyboard */; };
		24AA99F21EAC5BCD00007767 /* __UITests.m in Sources */ = {isa = PBXBuildFile; fileRef = 24AA99F11EAC5BCD00007767 /* __UITests.m */; };
		24AA99FD1EAC5FBB00007767 /* companycell.xib in Resources */ = {isa = PBXBuildFile; fileRef = 24AA99FC1EAC5FBB00007767 /* companycell.xib */; };
		24AA9A081EAC64D200007767 /* companylist.m in Sources */ = {isa = PBXBuildFile; fileRef = 24AA9A071EAC64D200007767 /* companylist.m */; };
		24AA9A0B1EAC6BE300007767 /* companycell.m in Sources */ = {isa = PBXBuildFile; fileRef = 24AA9A0A1EAC6BE300007767 /* companycell.m */; };
		24AA9A141EACCE5A00007767 /* 0.png in Resources */ = {isa = PBXBuildFile; fileRef = 24AA9A101EACCE5A00007767 /* 0.png */; };
		24AA9A151EACCE5A00007767 /* 1.png in Resources */ = {isa = PBXBuildFile; fileRef = 24AA9A111EACCE5A00007767 /* 1.png */; };
		24AA9A161EACCE5A00007767 /* 2.png in Resources */ = {isa = PBXBuildFile; fileRef = 24AA9A121EACCE5A00007767 /* 2.png */; };
		24AA9A171EACCE5A00007767 /* 3.png in Resources */ = {isa = PBXBuildFile; fileRef = 24AA9A131EACCE5A00007767 /* 3.png */; };
		24AA9A191EACCF4600007767 /* icon.png in Resources */ = {isa = PBXBuildFile; fileRef = 24AA9A181EACCF4600007767 /* icon.png */; };
		24D4431C1EBB1709008477FE /* MKAnnotationView+WebCache.m in Sources */ = {isa = PBXBuildFile; fileRef = 24D442F51EBB1709008477FE /* MKAnnotationView+WebCache.m */; };
		24D4431D1EBB1709008477FE /* NSData+ImageContentType.m in Sources */ = {isa = PBXBuildFile; fileRef = 24D442F71EBB1709008477FE /* NSData+ImageContentType.m */; };
		24D4431E1EBB1709008477FE /* NSImage+WebCache.m in Sources */ = {isa = PBXBuildFile; fileRef = 24D442F91EBB1709008477FE /* NSImage+WebCache.m */; };
		24D4431F1EBB1709008477FE /* SDImageCache.m in Sources */ = {isa = PBXBuildFile; fileRef = 24D442FB1EBB1709008477FE /* SDImageCache.m */; };
		24D443201EBB1709008477FE /* SDImageCacheConfig.m in Sources */ = {isa = PBXBuildFile; fileRef = 24D442FD1EBB1709008477FE /* SDImageCacheConfig.m */; };
		24D443211EBB1709008477FE /* SDWebImageCompat.m in Sources */ = {isa = PBXBuildFile; fileRef = 24D442FF1EBB1709008477FE /* SDWebImageCompat.m */; };
		24D443221EBB1709008477FE /* SDWebImageDecoder.m in Sources */ = {isa = PBXBuildFile; fileRef = 24D443011EBB1709008477FE /* SDWebImageDecoder.m */; };
		24D443231EBB1709008477FE /* SDWebImageDownloader.m in Sources */ = {isa = PBXBuildFile; fileRef = 24D443031EBB1709008477FE /* SDWebImageDownloader.m */; };
		24D443241EBB1709008477FE /* SDWebImageDownloaderOperation.m in Sources */ = {isa = PBXBuildFile; fileRef = 24D443051EBB1709008477FE /* SDWebImageDownloaderOperation.m */; };
		24D443251EBB1709008477FE /* SDWebImageManager.m in Sources */ = {isa = PBXBuildFile; fileRef = 24D443071EBB1709008477FE /* SDWebImageManager.m */; };
		24D443261EBB1709008477FE /* SDWebImagePrefetcher.m in Sources */ = {isa = PBXBuildFile; fileRef = 24D4430A1EBB1709008477FE /* SDWebImagePrefetcher.m */; };
		24D443271EBB1709008477FE /* UIButton+WebCache.m in Sources */ = {isa = PBXBuildFile; fileRef = 24D4430C1EBB1709008477FE /* UIButton+WebCache.m */; };
		24D443281EBB1709008477FE /* UIImage+GIF.m in Sources */ = {isa = PBXBuildFile; fileRef = 24D4430E1EBB1709008477FE /* UIImage+GIF.m */; };
		24D443291EBB1709008477FE /* UIImage+MultiFormat.m in Sources */ = {isa = PBXBuildFile; fileRef = 24D443101EBB1709008477FE /* UIImage+MultiFormat.m */; };
		24D4432A1EBB1709008477FE /* UIImage+WebP.m in Sources */ = {isa = PBXBuildFile; fileRef = 24D443121EBB1709008477FE /* UIImage+WebP.m */; };
		24D4432B1EBB1709008477FE /* UIImageView+HighlightedWebCache.m in Sources */ = {isa = PBXBuildFile; fileRef = 24D443141EBB1709008477FE /* UIImageView+HighlightedWebCache.m */; };
		24D4432C1EBB1709008477FE /* UIImageView+WebCache.m in Sources */ = {isa = PBXBuildFile; fileRef = 24D443161EBB1709008477FE /* UIImageView+WebCache.m */; };
		24D4432D1EBB1709008477FE /* UIView+WebCache.m in Sources */ = {isa = PBXBuildFile; fileRef = 24D443181EBB1709008477FE /* UIView+WebCache.m */; };
		24D4432E1EBB1709008477FE /* UIView+WebCacheOperation.m in Sources */ = {isa = PBXBuildFile; fileRef = 24D4431A1EBB1709008477FE /* UIView+WebCacheOperation.m */; };
/* End PBXBuildFile section */

/* Begin PBXContainerItemProxy section */
		24AA99EE1EAC5BCD00007767 /* PBXContainerItemProxy */ = {
			isa = PBXContainerItemProxy;
			containerPortal = 24AA99C91EAC5BCD00007767 /* Project object */;
			proxyType = 1;
			remoteGlobalIDString = 24AA99D01EAC5BCD00007767;
			remoteInfo = "声讯";
		};
/* End PBXContainerItemProxy section */

/* Begin PBXFileReference section */
		24AA99D11EAC5BCD00007767 /* 声讯.app */ = {isa = PBXFileReference; explicitFileType = wrapper.application; includeInIndex = 0; path = "声讯.app"; sourceTree = BUILT_PRODUCTS_DIR; };
		24AA99D51EAC5BCD00007767 /* main.m */ = {isa = PBXFileReference; lastKnownFileType = sourcecode.c.objc; path = main.m; sourceTree = "<group>"; };
		24AA99D71EAC5BCD00007767 /* AppDelegate.h */ = {isa = PBXFileReference; lastKnownFileType = sourcecode.c.h; path = AppDelegate.h; sourceTree = "<group>"; };
		24AA99D81EAC5BCD00007767 /* AppDelegate.m */ = {isa = PBXFileReference; lastKnownFileType = sourcecode.c.objc; path = AppDelegate.m; sourceTree = "<group>"; };
		24AA99DA1EAC5BCD00007767 /* ViewController.h */ = {isa = PBXFileReference; lastKnownFileType = sourcecode.c.h; path = ViewController.h; sourceTree = "<group>"; };
		24AA99DB1EAC5BCD00007767 /* ViewController.m */ = {isa = PBXFileReference; lastKnownFileType = sourcecode.c.objc; path = ViewController.m; sourceTree = "<group>"; };
		24AA99DE1EAC5BCD00007767 /* Base */ = {isa = PBXFileReference; lastKnownFileType = file.storyboard; name = Base; path = Base.lproj/Main.storyboard; sourceTree = "<group>"; };
		24AA99E11EAC5BCD00007767 /* __.xcdatamodel */ = {isa = PBXFileReference; lastKnownFileType = wrapper.xcdatamodel; path = __.xcdatamodel; sourceTree = "<group>"; };
		24AA99E31EAC5BCD00007767 /* Assets.xcassets */ = {isa = PBXFileReference; lastKnownFileType = folder.assetcatalog; path = Assets.xcassets; sourceTree = "<group>"; };
		24AA99E61EAC5BCD00007767 /* Base */ = {isa = PBXFileReference; lastKnownFileType = file.storyboard; name = Base; path = Base.lproj/LaunchScreen.storyboard; sourceTree = "<group>"; };
		24AA99E81EAC5BCD00007767 /* Info.plist */ = {isa = PBXFileReference; lastKnownFileType = text.plist.xml; path = Info.plist; sourceTree = "<group>"; };
		24AA99ED1EAC5BCD00007767 /* 声讯UITests.xctest */ = {isa = PBXFileReference; explicitFileType = wrapper.cfbundle; includeInIndex = 0; path = "声讯UITests.xctest"; sourceTree = BUILT_PRODUCTS_DIR; };
		24AA99F11EAC5BCD00007767 /* __UITests.m */ = {isa = PBXFileReference; lastKnownFileType = sourcecode.c.objc; path = __UITests.m; sourceTree = "<group>"; };
		24AA99F31EAC5BCD00007767 /* Info.plist */ = {isa = PBXFileReference; lastKnownFileType = text.plist.xml; path = Info.plist; sourceTree = "<group>"; };
		24AA99FC1EAC5FBB00007767 /* companycell.xib */ = {isa = PBXFileReference; fileEncoding = 4; lastKnownFileType = file.xib; path = companycell.xib; sourceTree = "<group>"; };
		24AA9A061EAC64D200007767 /* companylist.h */ = {isa = PBXFileReference; fileEncoding = 4; lastKnownFileType = sourcecode.c.h; path = companylist.h; sourceTree = "<group>"; };
		24AA9A071EAC64D200007767 /* companylist.m */ = {isa = PBXFileReference; fileEncoding = 4; lastKnownFileType = sourcecode.c.objc; path = companylist.m; sourceTree = "<group>"; };
		24AA9A091EAC6BE300007767 /* companycell.h */ = {isa = PBXFileReference; fileEncoding = 4; lastKnownFileType = sourcecode.c.h; path = companycell.h; sourceTree = "<group>"; };
		24AA9A0A1EAC6BE300007767 /* companycell.m */ = {isa = PBXFileReference; fileEncoding = 4; lastKnownFileType = sourcecode.c.objc; path = companycell.m; sourceTree = "<group>"; };
		24AA9A101EACCE5A00007767 /* 0.png */ = {isa = PBXFileReference; lastKnownFileType = image.png; path = 0.png; sourceTree = "<group>"; };
		24AA9A111EACCE5A00007767 /* 1.png */ = {isa = PBXFileReference; lastKnownFileType = image.png; path = 1.png; sourceTree = "<group>"; };
		24AA9A121EACCE5A00007767 /* 2.png */ = {isa = PBXFileReference; lastKnownFileType = image.png; path = 2.png; sourceTree = "<group>"; };
		24AA9A131EACCE5A00007767 /* 3.png */ = {isa = PBXFileReference; lastKnownFileType = image.png; path = 3.png; sourceTree = "<group>"; };
		24AA9A181EACCF4600007767 /* icon.png */ = {isa = PBXFileReference; lastKnownFileType = image.png; path = icon.png; sourceTree = "<group>"; };
		24D442F41EBB1709008477FE /* MKAnnotationView+WebCache.h */ = {isa = PBXFileReference; fileEncoding = 4; lastKnownFileType = sourcecode.c.h; path = "MKAnnotationView+WebCache.h"; sourceTree = "<group>"; };
		24D442F51EBB1709008477FE /* MKAnnotationView+WebCache.m */ = {isa = PBXFileReference; fileEncoding = 4; lastKnownFileType = sourcecode.c.objc; path = "MKAnnotationView+WebCache.m"; sourceTree = "<group>"; };
		24D442F61EBB1709008477FE /* NSData+ImageContentType.h */ = {isa = PBXFileReference; fileEncoding = 4; lastKnownFileType = sourcecode.c.h; path = "NSData+ImageContentType.h"; sourceTree = "<group>"; };
		24D442F71EBB1709008477FE /* NSData+ImageContentType.m */ = {isa = PBXFileReference; fileEncoding = 4; lastKnownFileType = sourcecode.c.objc; path = "NSData+ImageContentType.m"; sourceTree = "<group>"; };
		24D442F81EBB1709008477FE /* NSImage+WebCache.h */ = {isa = PBXFileReference; fileEncoding = 4; lastKnownFileType = sourcecode.c.h; path = "NSImage+WebCache.h"; sourceTree = "<group>"; };
		24D442F91EBB1709008477FE /* NSImage+WebCache.m */ = {isa = PBXFileReference; fileEncoding = 4; lastKnownFileType = sourcecode.c.objc; path = "NSImage+WebCache.m"; sourceTree = "<group>"; };
		24D442FA1EBB1709008477FE /* SDImageCache.h */ = {isa = PBXFileReference; fileEncoding = 4; lastKnownFileType = sourcecode.c.h; path = SDImageCache.h; sourceTree = "<group>"; };
		24D442FB1EBB1709008477FE /* SDImageCache.m */ = {isa = PBXFileReference; fileEncoding = 4; lastKnownFileType = sourcecode.c.objc; path = SDImageCache.m; sourceTree = "<group>"; };
		24D442FC1EBB1709008477FE /* SDImageCacheConfig.h */ = {isa = PBXFileReference; fileEncoding = 4; lastKnownFileType = sourcecode.c.h; path = SDImageCacheConfig.h; sourceTree = "<group>"; };
		24D442FD1EBB1709008477FE /* SDImageCacheConfig.m */ = {isa = PBXFileReference; fileEncoding = 4; lastKnownFileType = sourcecode.c.objc; path = SDImageCacheConfig.m; sourceTree = "<group>"; };
		24D442FE1EBB1709008477FE /* SDWebImageCompat.h */ = {isa = PBXFileReference; fileEncoding = 4; lastKnownFileType = sourcecode.c.h; path = SDWebImageCompat.h; sourceTree = "<group>"; };
		24D442FF1EBB1709008477FE /* SDWebImageCompat.m */ = {isa = PBXFileReference; fileEncoding = 4; lastKnownFileType = sourcecode.c.objc; path = SDWebImageCompat.m; sourceTree = "<group>"; };
		24D443001EBB1709008477FE /* SDWebImageDecoder.h */ = {isa = PBXFileReference; fileEncoding = 4; lastKnownFileType = sourcecode.c.h; path = SDWebImageDecoder.h; sourceTree = "<group>"; };
		24D443011EBB1709008477FE /* SDWebImageDecoder.m */ = {isa = PBXFileReference; fileEncoding = 4; lastKnownFileType = sourcecode.c.objc; path = SDWebImageDecoder.m; sourceTree = "<group>"; };
		24D443021EBB1709008477FE /* SDWebImageDownloader.h */ = {isa = PBXFileReference; fileEncoding = 4; lastKnownFileType = sourcecode.c.h; path = SDWebImageDownloader.h; sourceTree = "<group>"; };
		24D443031EBB1709008477FE /* SDWebImageDownloader.m */ = {isa = PBXFileReference; fileEncoding = 4; lastKnownFileType = sourcecode.c.objc; path = SDWebImageDownloader.m; sourceTree = "<group>"; };
		24D443041EBB1709008477FE /* SDWebImageDownloaderOperation.h */ = {isa = PBXFileReference; fileEncoding = 4; lastKnownFileType = sourcecode.c.h; path = SDWebImageDownloaderOperation.h; sourceTree = "<group>"; };
		24D443051EBB1709008477FE /* SDWebImageDownloaderOperation.m */ = {isa = PBXFileReference; fileEncoding = 4; lastKnownFileType = sourcecode.c.objc; path = SDWebImageDownloaderOperation.m; sourceTree = "<group>"; };
		24D443061EBB1709008477FE /* SDWebImageManager.h */ = {isa = PBXFileReference; fileEncoding = 4; lastKnownFileType = sourcecode.c.h; path = SDWebImageManager.h; sourceTree = "<group>"; };
		24D443071EBB1709008477FE /* SDWebImageManager.m */ = {isa = PBXFileReference; fileEncoding = 4; lastKnownFileType = sourcecode.c.objc; path = SDWebImageManager.m; sourceTree = "<group>"; };
		24D443081EBB1709008477FE /* SDWebImageOperation.h */ = {isa = PBXFileReference; fileEncoding = 4; lastKnownFileType = sourcecode.c.h; path = SDWebImageOperation.h; sourceTree = "<group>"; };
		24D443091EBB1709008477FE /* SDWebImagePrefetcher.h */ = {isa = PBXFileReference; fileEncoding = 4; lastKnownFileType = sourcecode.c.h; path = SDWebImagePrefetcher.h; sourceTree = "<group>"; };
		24D4430A1EBB1709008477FE /* SDWebImagePrefetcher.m */ = {isa = PBXFileReference; fileEncoding = 4; lastKnownFileType = sourcecode.c.objc; path = SDWebImagePrefetcher.m; sourceTree = "<group>"; };
		24D4430B1EBB1709008477FE /* UIButton+WebCache.h */ = {isa = PBXFileReference; fileEncoding = 4; lastKnownFileType = sourcecode.c.h; path = "UIButton+WebCache.h"; sourceTree = "<group>"; };
		24D4430C1EBB1709008477FE /* UIButton+WebCache.m */ = {isa = PBXFileReference; fileEncoding = 4; lastKnownFileType = sourcecode.c.objc; path = "UIButton+WebCache.m"; sourceTree = "<group>"; };
		24D4430D1EBB1709008477FE /* UIImage+GIF.h */ = {isa = PBXFileReference; fileEncoding = 4; lastKnownFileType = sourcecode.c.h; path = "UIImage+GIF.h"; sourceTree = "<group>"; };
		24D4430E1EBB1709008477FE /* UIImage+GIF.m */ = {isa = PBXFileReference; fileEncoding = 4; lastKnownFileType = sourcecode.c.objc; path = "UIImage+GIF.m"; sourceTree = "<group>"; };
		24D4430F1EBB1709008477FE /* UIImage+MultiFormat.h */ = {isa = PBXFileReference; fileEncoding = 4; lastKnownFileType = sourcecode.c.h; path = "UIImage+MultiFormat.h"; sourceTree = "<group>"; };
		24D443101EBB1709008477FE /* UIImage+MultiFormat.m */ = {isa = PBXFileReference; fileEncoding = 4; lastKnownFileType = sourcecode.c.objc; path = "UIImage+MultiFormat.m"; sourceTree = "<group>"; };
		24D443111EBB1709008477FE /* UIImage+WebP.h */ = {isa = PBXFileReference; fileEncoding = 4; lastKnownFileType = sourcecode.c.h; path = "UIImage+WebP.h"; sourceTree = "<group>"; };
		24D443121EBB1709008477FE /* UIImage+WebP.m */ = {isa = PBXFileReference; fileEncoding = 4; lastKnownFileType = sourcecode.c.objc; path = "UIImage+WebP.m"; sourceTree = "<group>"; };
		24D443131EBB1709008477FE /* UIImageView+HighlightedWebCache.h */ = {isa = PBXFileReference; fileEncoding = 4; lastKnownFileType = sourcecode.c.h; path = "UIImageView+HighlightedWebCache.h"; sourceTree = "<group>"; };
		24D443141EBB1709008477FE /* UIImageView+HighlightedWebCache.m */ = {isa = PBXFileReference; fileEncoding = 4; lastKnownFileType = sourcecode.c.objc; path = "UIImageView+HighlightedWebCache.m"; sourceTree = "<group>"; };
		24D443151EBB1709008477FE /* UIImageView+WebCache.h */ = {isa = PBXFileReference; fileEncoding = 4; lastKnownFileType = sourcecode.c.h; path = "UIImageView+WebCache.h"; sourceTree = "<group>"; };
		24D443161EBB1709008477FE /* UIImageView+WebCache.m */ = {isa = PBXFileReference; fileEncoding = 4; lastKnownFileType = sourcecode.c.objc; path = "UIImageView+WebCache.m"; sourceTree = "<group>"; };
		24D443171EBB1709008477FE /* UIView+WebCache.h */ = {isa = PBXFileReference; fileEncoding = 4; lastKnownFileType = sourcecode.c.h; path = "UIView+WebCache.h"; sourceTree = "<group>"; };
		24D443181EBB1709008477FE /* UIView+WebCache.m */ = {isa = PBXFileReference; fileEncoding = 4; lastKnownFileType = sourcecode.c.objc; path = "UIView+WebCache.m"; sourceTree = "<group>"; };
		24D443191EBB1709008477FE /* UIView+WebCacheOperation.h */ = {isa = PBXFileReference; fileEncoding = 4; lastKnownFileType = sourcecode.c.h; path = "UIView+WebCacheOperation.h"; sourceTree = "<group>"; };
		24D4431A1EBB1709008477FE /* UIView+WebCacheOperation.m */ = {isa = PBXFileReference; fileEncoding = 4; lastKnownFileType = sourcecode.c.objc; path = "UIView+WebCacheOperation.m"; sourceTree = "<group>"; };
/* End PBXFileReference section */

/* Begin PBXFrameworksBuildPhase section */
		24AA99CE1EAC5BCD00007767 /* Frameworks */ = {
			isa = PBXFrameworksBuildPhase;
			buildActionMask = 2147483647;
			files = (
			);
			runOnlyForDeploymentPostprocessing = 0;
		};
		24AA99EA1EAC5BCD00007767 /* Frameworks */ = {
			isa = PBXFrameworksBuildPhase;
			buildActionMask = 2147483647;
			files = (
			);
			runOnlyForDeploymentPostprocessing = 0;
		};
/* End PBXFrameworksBuildPhase section */

/* Begin PBXGroup section */
		24AA99C81EAC5BCD00007767 = {
			isa = PBXGroup;
			children = (
				24D442F01EBB1709008477FE /* SDWebImage */,
				24AA99D31EAC5BCD00007767 /* 声讯 */,
				24AA99F01EAC5BCD00007767 /* 声讯UITests */,
				24AA99D21EAC5BCD00007767 /* Products */,
			);
			sourceTree = "<group>";
		};
		24AA99D21EAC5BCD00007767 /* Products */ = {
			isa = PBXGroup;
			children = (
				24AA99D11EAC5BCD00007767 /* 声讯.app */,
				24AA99ED1EAC5BCD00007767 /* 声讯UITests.xctest */,
			);
			name = Products;
			sourceTree = "<group>";
		};
		24AA99D31EAC5BCD00007767 /* 声讯 */ = {
			isa = PBXGroup;
			children = (
				24AA99D71EAC5BCD00007767 /* AppDelegate.h */,
				24AA99D81EAC5BCD00007767 /* AppDelegate.m */,
				24AA99DA1EAC5BCD00007767 /* ViewController.h */,
				24AA99DB1EAC5BCD00007767 /* ViewController.m */,
				24AA9A061EAC64D200007767 /* companylist.h */,
				24AA9A071EAC64D200007767 /* companylist.m */,
				24AA99DD1EAC5BCD00007767 /* Main.storyboard */,
				24AA9A091EAC6BE300007767 /* companycell.h */,
				24AA9A0A1EAC6BE300007767 /* companycell.m */,
				24AA99FC1EAC5FBB00007767 /* companycell.xib */,
				24AA99E31EAC5BCD00007767 /* Assets.xcassets */,
				24AA99E51EAC5BCD00007767 /* LaunchScreen.storyboard */,
				24AA99E81EAC5BCD00007767 /* Info.plist */,
				24AA99E01EAC5BCD00007767 /* __.xcdatamodeld */,
				24AA99D41EAC5BCD00007767 /* Supporting Files */,
			);
			path = "声讯";
			sourceTree = "<group>";
		};
		24AA99D41EAC5BCD00007767 /* Supporting Files */ = {
			isa = PBXGroup;
			children = (
				24AA9A181EACCF4600007767 /* icon.png */,
				24AA9A101EACCE5A00007767 /* 0.png */,
				24AA9A111EACCE5A00007767 /* 1.png */,
				24AA9A121EACCE5A00007767 /* 2.png */,
				24AA9A131EACCE5A00007767 /* 3.png */,
				24AA99D51EAC5BCD00007767 /* main.m */,
			);
			name = "Supporting Files";
			sourceTree = "<group>";
		};
		24AA99F01EAC5BCD00007767 /* 声讯UITests */ = {
			isa = PBXGroup;
			children = (
				24AA99F11EAC5BCD00007767 /* __UITests.m */,
				24AA99F31EAC5BCD00007767 /* Info.plist */,
			);
			path = "声讯UITests";
			sourceTree = "<group>";
		};
		24D442F01EBB1709008477FE /* SDWebImage */ = {
			isa = PBXGroup;
			children = (
				24D442F41EBB1709008477FE /* MKAnnotationView+WebCache.h */,
				24D442F51EBB1709008477FE /* MKAnnotationView+WebCache.m */,
				24D442F61EBB1709008477FE /* NSData+ImageContentType.h */,
				24D442F71EBB1709008477FE /* NSData+ImageContentType.m */,
				24D442F81EBB1709008477FE /* NSImage+WebCache.h */,
				24D442F91EBB1709008477FE /* NSImage+WebCache.m */,
				24D442FA1EBB1709008477FE /* SDImageCache.h */,
				24D442FB1EBB1709008477FE /* SDImageCache.m */,
				24D442FC1EBB1709008477FE /* SDImageCacheConfig.h */,
				24D442FD1EBB1709008477FE /* SDImageCacheConfig.m */,
				24D442FE1EBB1709008477FE /* SDWebImageCompat.h */,
				24D442FF1EBB1709008477FE /* SDWebImageCompat.m */,
				24D443001EBB1709008477FE /* SDWebImageDecoder.h */,
				24D443011EBB1709008477FE /* SDWebImageDecoder.m */,
				24D443021EBB1709008477FE /* SDWebImageDownloader.h */,
				24D443031EBB1709008477FE /* SDWebImageDownloader.m */,
				24D443041EBB1709008477FE /* SDWebImageDownloaderOperation.h */,
				24D443051EBB1709008477FE /* SDWebImageDownloaderOperation.m */,
				24D443061EBB1709008477FE /* SDWebImageManager.h */,
				24D443071EBB1709008477FE /* SDWebImageManager.m */,
				24D443081EBB1709008477FE /* SDWebImageOperation.h */,
				24D443091EBB1709008477FE /* SDWebImagePrefetcher.h */,
				24D4430A1EBB1709008477FE /* SDWebImagePrefetcher.m */,
				24D4430B1EBB1709008477FE /* UIButton+WebCache.h */,
				24D4430C1EBB1709008477FE /* UIButton+WebCache.m */,
				24D4430D1EBB1709008477FE /* UIImage+GIF.h */,
				24D4430E1EBB1709008477FE /* UIImage+GIF.m */,
				24D4430F1EBB1709008477FE /* UIImage+MultiFormat.h */,
				24D443101EBB1709008477FE /* UIImage+MultiFormat.m */,
				24D443111EBB1709008477FE /* UIImage+WebP.h */,
				24D443121EBB1709008477FE /* UIImage+WebP.m */,
				24D443131EBB1709008477FE /* UIImageView+HighlightedWebCache.h */,
				24D443141EBB1709008477FE /* UIImageView+HighlightedWebCache.m */,
				24D443151EBB1709008477FE /* UIImageView+WebCache.h */,
				24D443161EBB1709008477FE /* UIImageView+WebCache.m */,
				24D443171EBB1709008477FE /* UIView+WebCache.h */,
				24D443181EBB1709008477FE /* UIView+WebCache.m */,
				24D443191EBB1709008477FE /* UIView+WebCacheOperation.h */,
				24D4431A1EBB1709008477FE /* UIView+WebCacheOperation.m */,
			);
			name = SDWebImage;
			path = ../SDWebImage/SDWebImage;
			sourceTree = "<group>";
		};
/* End PBXGroup section */

/* Begin PBXNativeTarget section */
		24AA99D01EAC5BCD00007767 /* 声讯 */ = {
			isa = PBXNativeTarget;
			buildConfigurationList = 24AA99F61EAC5BCD00007767 /* Build configuration list for PBXNativeTarget "声讯" */;
			buildPhases = (
				24AA99CD1EAC5BCD00007767 /* Sources */,
				24AA99CE1EAC5BCD00007767 /* Frameworks */,
				24AA99CF1EAC5BCD00007767 /* Resources */,
			);
			buildRules = (
			);
			dependencies = (
			);
			name = "声讯";
			productName = "声讯";
			productReference = 24AA99D11EAC5BCD00007767 /* 声讯.app */;
			productType = "com.apple.product-type.application";
		};
		24AA99EC1EAC5BCD00007767 /* 声讯UITests */ = {
			isa = PBXNativeTarget;
			buildConfigurationList = 24AA99F91EAC5BCD00007767 /* Build configuration list for PBXNativeTarget "声讯UITests" */;
			buildPhases = (
				24AA99E91EAC5BCD00007767 /* Sources */,
				24AA99EA1EAC5BCD00007767 /* Frameworks */,
				24AA99EB1EAC5BCD00007767 /* Resources */,
			);
			buildRules = (
			);
			dependencies = (
				24AA99EF1EAC5BCD00007767 /* PBXTargetDependency */,
			);
			name = "声讯UITests";
			productName = "声讯UITests";
			productReference = 24AA99ED1EAC5BCD00007767 /* 声讯UITests.xctest */;
			productType = "com.apple.product-type.bundle.ui-testing";
		};
/* End PBXNativeTarget section */

/* Begin PBXProject section */
		24AA99C91EAC5BCD00007767 /* Project object */ = {
			isa = PBXProject;
			attributes = {
				LastUpgradeCheck = 0830;
				ORGANIZATIONNAME = zhongyangtony;
				TargetAttributes = {
					24AA99D01EAC5BCD00007767 = {
						CreatedOnToolsVersion = 8.3.2;
						DevelopmentTeam = U8UL2UV53L;
						ProvisioningStyle = Manual;
					};
					24AA99EC1EAC5BCD00007767 = {
						CreatedOnToolsVersion = 8.3.2;
						ProvisioningStyle = Automatic;
						TestTargetID = 24AA99D01EAC5BCD00007767;
					};
				};
			};
			buildConfigurationList = 24AA99CC1EAC5BCD00007767 /* Build configuration list for PBXProject "声讯" */;
			compatibilityVersion = "Xcode 3.2";
			developmentRegion = English;
			hasScannedForEncodings = 0;
			knownRegions = (
				en,
				Base,
			);
			mainGroup = 24AA99C81EAC5BCD00007767;
			productRefGroup = 24AA99D21EAC5BCD00007767 /* Products */;
			projectDirPath = "";
			projectRoot = "";
			targets = (
				24AA99D01EAC5BCD00007767 /* 声讯 */,
				24AA99EC1EAC5BCD00007767 /* 声讯UITests */,
			);
		};
/* End PBXProject section */

/* Begin PBXResourcesBuildPhase section */
		24AA99CF1EAC5BCD00007767 /* Resources */ = {
			isa = PBXResourcesBuildPhase;
			buildActionMask = 2147483647;
			files = (
				24AA9A141EACCE5A00007767 /* 0.png in Resources */,
				24AA99E71EAC5BCD00007767 /* LaunchScreen.storyboard in Resources */,
				24AA9A161EACCE5A00007767 /* 2.png in Resources */,
				24AA9A171EACCE5A00007767 /* 3.png in Resources */,
				24AA99FD1EAC5FBB00007767 /* companycell.xib in Resources */,
				24AA99E41EAC5BCD00007767 /* Assets.xcassets in Resources */,
				24AA9A191EACCF4600007767 /* icon.png in Resources */,
				24AA99DF1EAC5BCD00007767 /* Main.storyboard in Resources */,
				24AA9A151EACCE5A00007767 /* 1.png in Resources */,
			);
			runOnlyForDeploymentPostprocessing = 0;
		};
		24AA99EB1EAC5BCD00007767 /* Resources */ = {
			isa = PBXResourcesBuildPhase;
			buildActionMask = 2147483647;
			files = (
			);
			runOnlyForDeploymentPostprocessing = 0;
		};
/* End PBXResourcesBuildPhase section */

/* Begin PBXSourcesBuildPhase section */
		24AA99CD1EAC5BCD00007767 /* Sources */ = {
			isa = PBXSourcesBuildPhase;
			buildActionMask = 2147483647;
			files = (
				24D4432B1EBB1709008477FE /* UIImageView+HighlightedWebCache.m in Sources */,
				24D443221EBB1709008477FE /* SDWebImageDecoder.m in Sources */,
				24D4432C1EBB1709008477FE /* UIImageView+WebCache.m in Sources */,
				24AA99DC1EAC5BCD00007767 /* ViewController.m in Sources */,
				24D443241EBB1709008477FE /* SDWebImageDownloaderOperation.m in Sources */,
				24D443251EBB1709008477FE /* SDWebImageManager.m in Sources */,
				24D4431C1EBB1709008477FE /* MKAnnotationView+WebCache.m in Sources */,
				24AA99E21EAC5BCD00007767 /* __.xcdatamodeld in Sources */,
				24D443231EBB1709008477FE /* SDWebImageDownloader.m in Sources */,
				24AA99D91EAC5BCD00007767 /* AppDelegate.m in Sources */,
				24D443211EBB1709008477FE /* SDWebImageCompat.m in Sources */,
				24D4432D1EBB1709008477FE /* UIView+WebCache.m in Sources */,
				24D443261EBB1709008477FE /* SDWebImagePrefetcher.m in Sources */,
				24D443291EBB1709008477FE /* UIImage+MultiFormat.m in Sources */,
				24D4432E1EBB1709008477FE /* UIView+WebCacheOperation.m in Sources */,
				24D4431E1EBB1709008477FE /* NSImage+WebCache.m in Sources */,
				24D4431D1EBB1709008477FE /* NSData+ImageContentType.m in Sources */,
				24D443271EBB1709008477FE /* UIButton+WebCache.m in Sources */,
				24AA9A0B1EAC6BE300007767 /* companycell.m in Sources */,
				24D443201EBB1709008477FE /* SDImageCacheConfig.m in Sources */,
				24D4431F1EBB1709008477FE /* SDImageCache.m in Sources */,
				24AA9A081EAC64D200007767 /* companylist.m in Sources */,
				24D443281EBB1709008477FE /* UIImage+GIF.m in Sources */,
				24AA99D61EAC5BCD00007767 /* main.m in Sources */,
				24D4432A1EBB1709008477FE /* UIImage+WebP.m in Sources */,
			);
			runOnlyForDeploymentPostprocessing = 0;
		};
		24AA99E91EAC5BCD00007767 /* Sources */ = {
			isa = PBXSourcesBuildPhase;
			buildActionMask = 2147483647;
			files = (
				24AA99F21EAC5BCD00007767 /* __UITests.m in Sources */,
			);
			runOnlyForDeploymentPostprocessing = 0;
		};
/* End PBXSourcesBuildPhase section */

/* Begin PBXTargetDependency section */
		24AA99EF1EAC5BCD00007767 /* PBXTargetDependency */ = {
			isa = PBXTargetDependency;
			target = 24AA99D01EAC5BCD00007767 /* 声讯 */;
			targetProxy = 24AA99EE1EAC5BCD00007767 /* PBXContainerItemProxy */;
		};
/* End PBXTargetDependency section */

/* Begin PBXVariantGroup section */
		24AA99DD1EAC5BCD00007767 /* Main.storyboard */ = {
			isa = PBXVariantGroup;
			children = (
				24AA99DE1EAC5BCD00007767 /* Base */,
			);
			name = Main.storyboard;
			sourceTree = "<group>";
		};
		24AA99E51EAC5BCD00007767 /* LaunchScreen.storyboard */ = {
			isa = PBXVariantGroup;
			children = (
				24AA99E61EAC5BCD00007767 /* Base */,
			);
			name = LaunchScreen.storyboard;
			sourceTree = "<group>";
		};
/* End PBXVariantGroup section */

/* Begin XCBuildConfiguration section */
		24AA99F41EAC5BCD00007767 /* Debug */ = {
			isa = XCBuildConfiguration;
			buildSettings = {
				ALWAYS_SEARCH_USER_PATHS = NO;
				CLANG_ANALYZER_NONNULL = YES;
				CLANG_ANALYZER_NUMBER_OBJECT_CONVERSION = YES_AGGRESSIVE;
				CLANG_CXX_LANGUAGE_STANDARD = "gnu++0x";
				CLANG_CXX_LIBRARY = "libc++";
				CLANG_ENABLE_MODULES = YES;
				CLANG_ENABLE_OBJC_ARC = YES;
				CLANG_WARN_BOOL_CONVERSION = YES;
				CLANG_WARN_CONSTANT_CONVERSION = YES;
				CLANG_WARN_DIRECT_OBJC_ISA_USAGE = YES_ERROR;
				CLANG_WARN_DOCUMENTATION_COMMENTS = YES;
				CLANG_WARN_EMPTY_BODY = YES;
				CLANG_WARN_ENUM_CONVERSION = YES;
				CLANG_WARN_INFINITE_RECURSION = YES;
				CLANG_WARN_INT_CONVERSION = YES;
				CLANG_WARN_OBJC_ROOT_CLASS = YES_ERROR;
				CLANG_WARN_SUSPICIOUS_MOVE = YES;
				CLANG_WARN_UNREACHABLE_CODE = YES;
				CLANG_WARN__DUPLICATE_METHOD_MATCH = YES;
				"CODE_SIGN_IDENTITY[sdk=iphoneos*]" = "iPhone Developer";
				COPY_PHASE_STRIP = NO;
				DEBUG_INFORMATION_FORMAT = dwarf;
				ENABLE_STRICT_OBJC_MSGSEND = YES;
				ENABLE_TESTABILITY = YES;
				GCC_C_LANGUAGE_STANDARD = gnu99;
				GCC_DYNAMIC_NO_PIC = NO;
				GCC_NO_COMMON_BLOCKS = YES;
				GCC_OPTIMIZATION_LEVEL = 0;
				GCC_PREPROCESSOR_DEFINITIONS = (
					"DEBUG=1",
					"$(inherited)",
				);
				GCC_WARN_64_TO_32_BIT_CONVERSION = YES;
				GCC_WARN_ABOUT_RETURN_TYPE = YES_ERROR;
				GCC_WARN_UNDECLARED_SELECTOR = YES;
				GCC_WARN_UNINITIALIZED_AUTOS = YES_AGGRESSIVE;
				GCC_WARN_UNUSED_FUNCTION = YES;
				GCC_WARN_UNUSED_VARIABLE = YES;
				IPHONEOS_DEPLOYMENT_TARGET = 10.3;
				MTL_ENABLE_DEBUG_INFO = YES;
				ONLY_ACTIVE_ARCH = YES;
				SDKROOT = iphoneos;
			};
			name = Debug;
		};
		24AA99F51EAC5BCD00007767 /* Release */ = {
			isa = XCBuildConfiguration;
			buildSettings = {
				ALWAYS_SEARCH_USER_PATHS = NO;
				CLANG_ANALYZER_NONNULL = YES;
				CLANG_ANALYZER_NUMBER_OBJECT_CONVERSION = YES_AGGRESSIVE;
				CLANG_CXX_LANGUAGE_STANDARD = "gnu++0x";
				CLANG_CXX_LIBRARY = "libc++";
				CLANG_ENABLE_MODULES = YES;
				CLANG_ENABLE_OBJC_ARC = YES;
				CLANG_WARN_BOOL_CONVERSION = YES;
				CLANG_WARN_CONSTANT_CONVERSION = YES;
				CLANG_WARN_DIRECT_OBJC_ISA_USAGE = YES_ERROR;
				CLANG_WARN_DOCUMENTATION_COMMENTS = YES;
				CLANG_WARN_EMPTY_BODY = YES;
				CLANG_WARN_ENUM_CONVERSION = YES;
				CLANG_WARN_INFINITE_RECURSION = YES;
				CLANG_WARN_INT_CONVERSION = YES;
				CLANG_WARN_OBJC_ROOT_CLASS = YES_ERROR;
				CLANG_WARN_SUSPICIOUS_MOVE = YES;
				CLANG_WARN_UNREACHABLE_CODE = YES;
				CLANG_WARN__DUPLICATE_METHOD_MATCH = YES;
				"CODE_SIGN_IDENTITY[sdk=iphoneos*]" = "iPhone Developer";
				COPY_PHASE_STRIP = NO;
				DEBUG_INFORMATION_FORMAT = "dwarf-with-dsym";
				ENABLE_NS_ASSERTIONS = NO;
				ENABLE_STRICT_OBJC_MSGSEND = YES;
				GCC_C_LANGUAGE_STANDARD = gnu99;
				GCC_NO_COMMON_BLOCKS = YES;
				GCC_WARN_64_TO_32_BIT_CONVERSION = YES;
				GCC_WARN_ABOUT_RETURN_TYPE = YES_ERROR;
				GCC_WARN_UNDECLARED_SELECTOR = YES;
				GCC_WARN_UNINITIALIZED_AUTOS = YES_AGGRESSIVE;
				GCC_WARN_UNUSED_FUNCTION = YES;
				GCC_WARN_UNUSED_VARIABLE = YES;
				IPHONEOS_DEPLOYMENT_TARGET = 10.3;
				MTL_ENABLE_DEBUG_INFO = NO;
				SDKROOT = iphoneos;
				VALIDATE_PRODUCT = YES;
			};
			name = Release;
		};
		24AA99F71EAC5BCD00007767 /* Debug */ = {
			isa = XCBuildConfiguration;
			buildSettings = {
				ASSETCATALOG_COMPILER_APPICON_NAME = AppIcon;
				DEVELOPMENT_TEAM = U8UL2UV53L;
				INFOPLIST_FILE = "声讯/Info.plist";
				LD_RUNPATH_SEARCH_PATHS = "$(inherited) @executable_path/Frameworks";
				PRODUCT_BUNDLE_IDENTIFIER = com.avsgm.gsound;
				PRODUCT_NAME = "$(TARGET_NAME)";
				PROVISIONING_PROFILE = "6e63d3f6-6edc-46ff-b16b-9f3af7e9b9cc";
				PROVISIONING_PROFILE_SPECIFIER = gmtios;
			};
			name = Debug;
		};
		24AA99F81EAC5BCD00007767 /* Release */ = {
			isa = XCBuildConfiguration;
			buildSettings = {
				ASSETCATALOG_COMPILER_APPICON_NAME = AppIcon;
				DEVELOPMENT_TEAM = U8UL2UV53L;
				INFOPLIST_FILE = "声讯/Info.plist";
				LD_RUNPATH_SEARCH_PATHS = "$(inherited) @executable_path/Frameworks";
				PRODUCT_BUNDLE_IDENTIFIER = com.avsgm.gsound;
				PRODUCT_NAME = "$(TARGET_NAME)";
				PROVISIONING_PROFILE = "6e63d3f6-6edc-46ff-b16b-9f3af7e9b9cc";
				PROVISIONING_PROFILE_SPECIFIER = gmtios;
			};
			name = Release;
		};
		24AA99FA1EAC5BCD00007767 /* Debug */ = {
			isa = XCBuildConfiguration;
			buildSettings = {
				INFOPLIST_FILE = "声讯UITests/Info.plist";
				LD_RUNPATH_SEARCH_PATHS = "$(inherited) @executable_path/Frameworks @loader_path/Frameworks";
				PRODUCT_BUNDLE_IDENTIFIER = "com.avsgm.com.--UITests";
				PRODUCT_NAME = "$(TARGET_NAME)";
				TEST_TARGET_NAME = "声讯";
			};
			name = Debug;
		};
		24AA99FB1EAC5BCD00007767 /* Release */ = {
			isa = XCBuildConfiguration;
			buildSettings = {
				INFOPLIST_FILE = "声讯UITests/Info.plist";
				LD_RUNPATH_SEARCH_PATHS = "$(inherited) @executable_path/Frameworks @loader_path/Frameworks";
				PRODUCT_BUNDLE_IDENTIFIER = "com.avsgm.com.--UITests";
				PRODUCT_NAME = "$(TARGET_NAME)";
				TEST_TARGET_NAME = "声讯";
			};
			name = Release;
		};
/* End XCBuildConfiguration section */

/* Begin XCConfigurationList section */
		24AA99CC1EAC5BCD00007767 /* Build configuration list for PBXProject "声讯" */ = {
			isa = XCConfigurationList;
			buildConfigurations = (
				24AA99F41EAC5BCD00007767 /* Debug */,
				24AA99F51EAC5BCD00007767 /* Release */,
			);
			defaultConfigurationIsVisible = 0;
			defaultConfigurationName = Release;
		};
		24AA99F61EAC5BCD00007767 /* Build configuration list for PBXNativeTarget "声讯" */ = {
			isa = XCConfigurationList;
			buildConfigurations = (
				24AA99F71EAC5BCD00007767 /* Debug */,
				24AA99F81EAC5BCD00007767 /* Release */,
			);
			defaultConfigurationIsVisible = 0;
			defaultConfigurationName = Release;
		};
		24AA99F91EAC5BCD00007767 /* Build configuration list for PBXNativeTarget "声讯UITests" */ = {
			isa = XCConfigurationList;
			buildConfigurations = (
				24AA99FA1EAC5BCD00007767 /* Debug */,
				24AA99FB1EAC5BCD00007767 /* Release */,
			);
			defaultConfigurationIsVisible = 0;
			defaultConfigurationName = Release;
		};
/* End XCConfigurationList section */

/* Begin XCVersionGroup section */
		24AA99E01EAC5BCD00007767 /* __.xcdatamodeld */ = {
			isa = XCVersionGroup;
			children = (
				24AA99E11EAC5BCD00007767 /* __.xcdatamodel */,
			);
			currentVersion = 24AA99E11EAC5BCD00007767 /* __.xcdatamodel */;
			path = __.xcdatamodeld;
			sourceTree = "<group>";
			versionGroupType = wrapper.xcdatamodel;
		};
/* End XCVersionGroup section */
	};
	rootObject = 24AA99C91EAC5BCD00007767 /* Project object */;
}
